
Microsoft Visual Studio Solution File, Format Version 12.00
# Visual Studio Version 17
VisualStudioVersion = 17.7.34024.191
MinimumVisualStudioVersion = 10.0.40219.1
Project("{FAE04EC0-301F-11D3-BF4B-00C04F79EFBC}") = "LabsSem2", "LabsSem2.csproj", "{A289B55F-E81C-4E75-9E39-9CB2B64F28ED}"
EndProject
Project("{FAE04EC0-301F-11D3-BF4B-00C04F79EFBC}") = "DLL_sem2", "..\DLL_sem2\DLL_sem2.csproj", "{FE1A3E08-5E91-41B5-9874-8BB9B1FE6838}"
EndProject
Project("{54435603-DBB4-11D2-8724-00A0C9A8B90C}") = "Laboratory_works_installer", "..\Laboratory_works_installer\Laboratory_works_installer.vdproj", "{C44B5702-77B5-408A-BAF3-2FD799C6DABE}"
EndProject
Global
	GlobalSection(SolutionConfigurationPlatforms) = preSolution
		Debug|Any CPU = Debug|Any CPU
		Release|Any CPU = Release|Any CPU
	EndGlobalSection
	GlobalSection(ProjectConfigurationPlatforms) = postSolution
		{A289B55F-E81C-4E75-9E39-9CB2B64F28ED}.Debug|Any CPU.ActiveCfg = Debug|Any CPU
		{A289B55F-E81C-4E75-9E39-9CB2B64F28ED}.Debug|Any CPU.Build.0 = Debug|Any CPU
		{A289B55F-E81C-4E75-9E39-9CB2B64F28ED}.Release|Any CPU.ActiveCfg = Release|Any CPU
		{A289B55F-E81C-4E75-9E39-9CB2B64F28ED}.Release|Any CPU.Build.0 = Release|Any CPU
		{FE1A3E08-5E91-41B5-9874-8BB9B1FE6838}.Debug|Any CPU.ActiveCfg = Debug|Any CPU
		{FE1A3E08-5E91-41B5-9874-8BB9B1FE6838}.Debug|Any CPU.Build.0 = Debug|Any CPU
		{FE1A3E08-5E91-41B5-9874-8BB9B1FE6838}.Release|Any CPU.ActiveCfg = Release|Any CPU
		{FE1A3E08-5E91-41B5-9874-8BB9B1FE6838}.Release|Any CPU.Build.0 = Release|Any CPU
		{C44B5702-77B5-408A-BAF3-2FD799C6DABE}.Debug|Any CPU.ActiveCfg = Debug
		{C44B5702-77B5-408A-BAF3-2FD799C6DABE}.Release|Any CPU.ActiveCfg = Release
	EndGlobalSection
	GlobalSection(SolutionProperties) = preSolution
		HideSolutionNode = FALSE
	EndGlobalSection
	GlobalSection(ExtensibilityGlobals) = postSolution
		SolutionGuid = {57366942-06FF-453D-95F0-9268330DF3C3}
	EndGlobalSection
EndGlobal
